
Microsoft Visual Studio Solution File, Format Version 12.00
# Visual Studio Version 17
VisualStudioVersion = 17.9.34723.18
MinimumVisualStudioVersion = 10.0.40219.1
Project("{9A19103F-16F7-4668-BE54-9A1E7A4F7556}") = "portfolio.server", "portfolio.Server\portfolio.server.csproj", "{79841AAD-09BC-4229-9A5A-E0173BDCC770}"
EndProject
Project("{54A90642-561A-4BB1-A94E-469ADEE60C69}") = "portfolio.client", "portfolio.client\portfolio.client.esproj", "{BA956FED-A752-4527-B3A9-57524308B70E}"
EndProject
Global
	GlobalSection(SolutionConfigurationPlatforms) = preSolution
		Debug|Any CPU = Debug|Any CPU
		Release|Any CPU = Release|Any CPU
	EndGlobalSection
	GlobalSection(ProjectConfigurationPlatforms) = postSolution
		{79841AAD-09BC-4229-9A5A-E0173BDCC770}.Debug|Any CPU.ActiveCfg = Debug|Any CPU
		{79841AAD-09BC-4229-9A5A-E0173BDCC770}.Debug|Any CPU.Build.0 = Debug|Any CPU
		{79841AAD-09BC-4229-9A5A-E0173BDCC770}.Release|Any CPU.ActiveCfg = Release|Any CPU
		{79841AAD-09BC-4229-9A5A-E0173BDCC770}.Release|Any CPU.Build.0 = Release|Any CPU
		{BA956FED-A752-4527-B3A9-57524308B70E}.Debug|Any CPU.ActiveCfg = Debug|Any CPU
		{BA956FED-A752-4527-B3A9-57524308B70E}.Debug|Any CPU.Build.0 = Debug|Any CPU
		{BA956FED-A752-4527-B3A9-57524308B70E}.Debug|Any CPU.Deploy.0 = Debug|Any CPU
		{BA956FED-A752-4527-B3A9-57524308B70E}.Release|Any CPU.ActiveCfg = Release|Any CPU
		{BA956FED-A752-4527-B3A9-57524308B70E}.Release|Any CPU.Build.0 = Release|Any CPU
		{BA956FED-A752-4527-B3A9-57524308B70E}.Release|Any CPU.Deploy.0 = Release|Any CPU
	EndGlobalSection
	GlobalSection(SolutionProperties) = preSolution
		HideSolutionNode = FALSE
	EndGlobalSection
	GlobalSection(ExtensibilityGlobals) = postSolution
		SolutionGuid = {EB59B611-8D3B-43BB-B083-A7D4361C807F}
	EndGlobalSection
EndGlobal
